// !$*UTF8*$!
{
	archiveVersion = 1;
	classes = {
	};
	objectVersion = 56;
	objects = {

/* Begin PBXBuildFile section */
		7685FF302C6A62830098BA1B /* PrivateMessengerApp.swift in Sources */ = {isa = PBXBuildFile; fileRef = 7685FF2F2C6A62830098BA1B /* PrivateMessengerApp.swift */; };
		7685FF322C6A62830098BA1B /* ContentView.swift in Sources */ = {isa = PBXBuildFile; fileRef = 7685FF312C6A62830098BA1B /* ContentView.swift */; };
		7685FF342C6A62860098BA1B /* Assets.xcassets in Resources */ = {isa = PBXBuildFile; fileRef = 7685FF332C6A62860098BA1B /* Assets.xcassets */; };
		7685FF372C6A62860098BA1B /* Preview Assets.xcassets in Resources */ = {isa = PBXBuildFile; fileRef = 7685FF362C6A62860098BA1B /* Preview Assets.xcassets */; };
		76F996692C6B43C6007E1BB0 /* LoginView.swift in Sources */ = {isa = PBXBuildFile; fileRef = 76F996682C6B43C6007E1BB0 /* LoginView.swift */; };
/* End PBXBuildFile section */

/* Begin PBXFileReference section */
		7685FF2C2C6A62830098BA1B /* PrivateMessenger.app */ = {isa = PBXFileReference; explicitFileType = wrapper.application; includeInIndex = 0; path = PrivateMessenger.app; sourceTree = BUILT_PRODUCTS_DIR; };
		7685FF2F2C6A62830098BA1B /* PrivateMessengerApp.swift */ = {isa = PBXFileReference; lastKnownFileType = sourcecode.swift; path = PrivateMessengerApp.swift; sourceTree = "<group>"; };
		7685FF312C6A62830098BA1B /* ContentView.swift */ = {isa = PBXFileReference; lastKnownFileType = sourcecode.swift; path = ContentView.swift; sourceTree = "<group>"; };
		7685FF332C6A62860098BA1B /* Assets.xcassets */ = {isa = PBXFileReference; lastKnownFileType = folder.assetcatalog; path = Assets.xcassets; sourceTree = "<group>"; };
		7685FF362C6A62860098BA1B /* Preview Assets.xcassets */ = {isa = PBXFileReference; lastKnownFileType = folder.assetcatalog; path = "Preview Assets.xcassets"; sourceTree = "<group>"; };
		76F996682C6B43C6007E1BB0 /* LoginView.swift */ = {isa = PBXFileReference; lastKnownFileType = sourcecode.swift; path = LoginView.swift; sourceTree = "<group>"; };
/* End PBXFileReference section */

/* Begin PBXFrameworksBuildPhase section */
		7685FF292C6A62830098BA1B /* Frameworks */ = {
			isa = PBXFrameworksBuildPhase;
			buildActionMask = 2147483647;
			files = (
			);
			runOnlyForDeploymentPostprocessing = 0;
		};
/* End PBXFrameworksBuildPhase section */

/* Begin PBXGroup section */
		7685FF232C6A62830098BA1B = {
			isa = PBXGroup;
			children = (
				7685FF2E2C6A62830098BA1B /* PrivateMessenger */,
				7685FF2D2C6A62830098BA1B /* Products */,
			);
			sourceTree = "<group>";
		};
		7685FF2D2C6A62830098BA1B /* Products */ = {
			isa = PBXGroup;
			children = (
				7685FF2C2C6A62830098BA1B /* PrivateMessenger.app */,
			);
			name = Products;
			sourceTree = "<group>";
		};
		7685FF2E2C6A62830098BA1B /* PrivateMessenger */ = {
			isa = PBXGroup;
			children = (
				76F996642C6B433E007E1BB0 /* App */,
				76F996602C6B4326007E1BB0 /* Extensions */,
				76F996632C6B433B007E1BB0 /* Core */,
				76F996622C6B4338007E1BB0 /* Model */,
				76F996612C6B4335007E1BB0 /* Service */,
				7685FF332C6A62860098BA1B /* Assets.xcassets */,
				7685FF352C6A62860098BA1B /* Preview Content */,
			);
			path = PrivateMessenger;
			sourceTree = "<group>";
		};
		7685FF352C6A62860098BA1B /* Preview Content */ = {
			isa = PBXGroup;
			children = (
				7685FF362C6A62860098BA1B /* Preview Assets.xcassets */,
			);
			path = "Preview Content";
			sourceTree = "<group>";
		};
		76F996602C6B4326007E1BB0 /* Extensions */ = {
			isa = PBXGroup;
			children = (
			);
			path = Extensions;
			sourceTree = "<group>";
		};
		76F996612C6B4335007E1BB0 /* Service */ = {
			isa = PBXGroup;
			children = (
			);
			path = Service;
			sourceTree = "<group>";
		};
		76F996622C6B4338007E1BB0 /* Model */ = {
			isa = PBXGroup;
			children = (
			);
			path = Model;
			sourceTree = "<group>";
		};
		76F996632C6B433B007E1BB0 /* Core */ = {
			isa = PBXGroup;
			children = (
				76F996652C6B4388007E1BB0 /* Authentication */,
				76F996662C6B4397007E1BB0 /* Root */,
			);
			path = Core;
			sourceTree = "<group>";
		};
		76F996642C6B433E007E1BB0 /* App */ = {
			isa = PBXGroup;
			children = (
				7685FF2F2C6A62830098BA1B /* PrivateMessengerApp.swift */,
			);
			path = App;
			sourceTree = "<group>";
		};
		76F996652C6B4388007E1BB0 /* Authentication */ = {
			isa = PBXGroup;
			children = (
				76F996672C6B43B1007E1BB0 /* View */,
			);
			path = Authentication;
			sourceTree = "<group>";
		};
		76F996662C6B4397007E1BB0 /* Root */ = {
			isa = PBXGroup;
			children = (
				7685FF312C6A62830098BA1B /* ContentView.swift */,
			);
			name = Root;
			sourceTree = "<group>";
		};
		76F996672C6B43B1007E1BB0 /* View */ = {
			isa = PBXGroup;
			children = (
				76F996682C6B43C6007E1BB0 /* LoginView.swift */,
			);
			path = View;
			sourceTree = "<group>";
		};
/* End PBXGroup section */

/* Begin PBXNativeTarget section */
		7685FF2B2C6A62830098BA1B /* PrivateMessenger */ = {
			isa = PBXNativeTarget;
			buildConfigurationList = 7685FF3A2C6A62860098BA1B /* Build configuration list for PBXNativeTarget "PrivateMessenger" */;
			buildPhases = (
				7685FF282C6A62830098BA1B /* Sources */,
				7685FF292C6A62830098BA1B /* Frameworks */,
				7685FF2A2C6A62830098BA1B /* Resources */,
			);
			buildRules = (
			);
			dependencies = (
			);
			name = PrivateMessenger;
			productName = PrivateMessenger;
			productReference = 7685FF2C2C6A62830098BA1B /* PrivateMessenger.app */;
			productType = "com.apple.product-type.application";
		};
/* End PBXNativeTarget section */

/* Begin PBXProject section */
		7685FF242C6A62830098BA1B /* Project object */ = {
			isa = PBXProject;
			attributes = {
				BuildIndependentTargetsInParallel = 1;
				LastSwiftUpdateCheck = 1540;
				LastUpgradeCheck = 1540;
				TargetAttributes = {
					7685FF2B2C6A62830098BA1B = {
						CreatedOnToolsVersion = 15.4;
					};
				};
			};
			buildConfigurationList = 7685FF272C6A62830098BA1B /* Build configuration list for PBXProject "PrivateMessenger" */;
			compatibilityVersion = "Xcode 14.0";
			developmentRegion = en;
			hasScannedForEncodings = 0;
			knownRegions = (
				en,
				Base,
			);
			mainGroup = 7685FF232C6A62830098BA1B;
			productRefGroup = 7685FF2D2C6A62830098BA1B /* Products */;
			projectDirPath = "";
			projectRoot = "";
			targets = (
				7685FF2B2C6A62830098BA1B /* PrivateMessenger */,
			);
		};
/* End PBXProject section */

/* Begin PBXResourcesBuildPhase section */
		7685FF2A2C6A62830098BA1B /* Resources */ = {
			isa = PBXResourcesBuildPhase;
			buildActionMask = 2147483647;
			files = (
				7685FF372C6A62860098BA1B /* Preview Assets.xcassets in Resources */,
				7685FF342C6A62860098BA1B /* Assets.xcassets in Resources */,
			);
			runOnlyForDeploymentPostprocessing = 0;
		};
/* End PBXResourcesBuildPhase section */

/* Begin PBXSourcesBuildPhase section */
		7685FF282C6A62830098BA1B /* Sources */ = {
			isa = PBXSourcesBuildPhase;
			buildActionMask = 2147483647;
			files = (
				76F996692C6B43C6007E1BB0 /* LoginView.swift in Sources */,
				7685FF322C6A62830098BA1B /* ContentView.swift in Sources */,
				7685FF302C6A62830098BA1B /* PrivateMessengerApp.swift in Sources */,
			);
			runOnlyForDeploymentPostprocessing = 0;
		};
/* End PBXSourcesBuildPhase section */

/* Begin XCBuildConfiguration section */
		7685FF382C6A62860098BA1B /* Debug */ = {
			isa = XCBuildConfiguration;
			buildSettings = {
				ALWAYS_SEARCH_USER_PATHS = NO;
				ASSETCATALOG_COMPILER_GENERATE_SWIFT_ASSET_SYMBOL_EXTENSIONS = YES;
				CLANG_ANALYZER_NONNULL = YES;
				CLANG_ANALYZER_NUMBER_OBJECT_CONVERSION = YES_AGGRESSIVE;
				CLANG_CXX_LANGUAGE_STANDARD = "gnu++20";
				CLANG_ENABLE_MODULES = YES;
				CLANG_ENABLE_OBJC_ARC = YES;
				CLANG_ENABLE_OBJC_WEAK = YES;
				CLANG_WARN_BLOCK_CAPTURE_AUTORELEASING = YES;
				CLANG_WARN_BOOL_CONVERSION = YES;
				CLANG_WARN_COMMA = YES;
				CLANG_WARN_CONSTANT_CONVERSION = YES;
				CLANG_WARN_DEPRECATED_OBJC_IMPLEMENTATIONS = YES;
				CLANG_WARN_DIRECT_OBJC_ISA_USAGE = YES_ERROR;
				CLANG_WARN_DOCUMENTATION_COMMENTS = YES;
				CLANG_WARN_EMPTY_BODY = YES;
				CLANG_WARN_ENUM_CONVERSION = YES;
				CLANG_WARN_INFINITE_RECURSION = YES;
				CLANG_WARN_INT_CONVERSION = YES;
				CLANG_WARN_NON_LITERAL_NULL_CONVERSION = YES;
				CLANG_WARN_OBJC_IMPLICIT_RETAIN_SELF = YES;
				CLANG_WARN_OBJC_LITERAL_CONVERSION = YES;
				CLANG_WARN_OBJC_ROOT_CLASS = YES_ERROR;
				CLANG_WARN_QUOTED_INCLUDE_IN_FRAMEWORK_HEADER = YES;
				CLANG_WARN_RANGE_LOOP_ANALYSIS = YES;
				CLANG_WARN_STRICT_PROTOTYPES = YES;
				CLANG_WARN_SUSPICIOUS_MOVE = YES;
				CLANG_WARN_UNGUARDED_AVAILABILITY = YES_AGGRESSIVE;
				CLANG_WARN_UNREACHABLE_CODE = YES;
				CLANG_WARN__DUPLICATE_METHOD_MATCH = YES;
				COPY_PHASE_STRIP = NO;
				DEBUG_INFORMATION_FORMAT = dwarf;
				ENABLE_STRICT_OBJC_MSGSEND = YES;
				ENABLE_TESTABILITY = YES;
				ENABLE_USER_SCRIPT_SANDBOXING = YES;
				GCC_C_LANGUAGE_STANDARD = gnu17;
				GCC_DYNAMIC_NO_PIC = NO;
				GCC_NO_COMMON_BLOCKS = YES;
				GCC_OPTIMIZATION_LEVEL = 0;
				GCC_PREPROCESSOR_DEFINITIONS = (
					"DEBUG=1",
					"$(inherited)",
				);
				GCC_WARN_64_TO_32_BIT_CONVERSION = YES;
				GCC_WARN_ABOUT_RETURN_TYPE = YES_ERROR;
				GCC_WARN_UNDECLARED_SELECTOR = YES;
				GCC_WARN_UNINITIALIZED_AUTOS = YES_AGGRESSIVE;
				GCC_WARN_UNUSED_FUNCTION = YES;
				GCC_WARN_UNUSED_VARIABLE = YES;
				IPHONEOS_DEPLOYMENT_TARGET = 17.5;
				LOCALIZATION_PREFERS_STRING_CATALOGS = YES;
				MTL_ENABLE_DEBUG_INFO = INCLUDE_SOURCE;
				MTL_FAST_MATH = YES;
				ONLY_ACTIVE_ARCH = YES;
				SDKROOT = iphoneos;
				SWIFT_ACTIVE_COMPILATION_CONDITIONS = "DEBUG $(inherited)";
				SWIFT_OPTIMIZATION_LEVEL = "-Onone";
			};
			name = Debug;
		};
		7685FF392C6A62860098BA1B /* Release */ = {
			isa = XCBuildConfiguration;
			buildSettings = {
				ALWAYS_SEARCH_USER_PATHS = NO;
				ASSETCATALOG_COMPILER_GENERATE_SWIFT_ASSET_SYMBOL_EXTENSIONS = YES;
				CLANG_ANALYZER_NONNULL = YES;
				CLANG_ANALYZER_NUMBER_OBJECT_CONVERSION = YES_AGGRESSIVE;
				CLANG_CXX_LANGUAGE_STANDARD = "gnu++20";
				CLANG_ENABLE_MODULES = YES;
				CLANG_ENABLE_OBJC_ARC = YES;
				CLANG_ENABLE_OBJC_WEAK = YES;
				CLANG_WARN_BLOCK_CAPTURE_AUTORELEASING = YES;
				CLANG_WARN_BOOL_CONVERSION = YES;
				CLANG_WARN_COMMA = YES;
				CLANG_WARN_CONSTANT_CONVERSION = YES;
				CLANG_WARN_DEPRECATED_OBJC_IMPLEMENTATIONS = YES;
				CLANG_WARN_DIRECT_OBJC_ISA_USAGE = YES_ERROR;
				CLANG_WARN_DOCUMENTATION_COMMENTS = YES;
				CLANG_WARN_EMPTY_BODY = YES;
				CLANG_WARN_ENUM_CONVERSION = YES;
				CLANG_WARN_INFINITE_RECURSION = YES;
				CLANG_WARN_INT_CONVERSION = YES;
				CLANG_WARN_NON_LITERAL_NULL_CONVERSION = YES;
				CLANG_WARN_OBJC_IMPLICIT_RETAIN_SELF = YES;
				CLANG_WARN_OBJC_LITERAL_CONVERSION = YES;
				CLANG_WARN_OBJC_ROOT_CLASS = YES_ERROR;
				CLANG_WARN_QUOTED_INCLUDE_IN_FRAMEWORK_HEADER = YES;
				CLANG_WARN_RANGE_LOOP_ANALYSIS = YES;
				CLANG_WARN_STRICT_PROTOTYPES = YES;
				CLANG_WARN_SUSPICIOUS_MOVE = YES;
				CLANG_WARN_UNGUARDED_AVAILABILITY = YES_AGGRESSIVE;
				CLANG_WARN_UNREACHABLE_CODE = YES;
				CLANG_WARN__DUPLICATE_METHOD_MATCH = YES;
				COPY_PHASE_STRIP = NO;
				DEBUG_INFORMATION_FORMAT = "dwarf-with-dsym";
				ENABLE_NS_ASSERTIONS = NO;
				ENABLE_STRICT_OBJC_MSGSEND = YES;
				ENABLE_USER_SCRIPT_SANDBOXING = YES;
				GCC_C_LANGUAGE_STANDARD = gnu17;
				GCC_NO_COMMON_BLOCKS = YES;
				GCC_WARN_64_TO_32_BIT_CONVERSION = YES;
				GCC_WARN_ABOUT_RETURN_TYPE = YES_ERROR;
				GCC_WARN_UNDECLARED_SELECTOR = YES;
				GCC_WARN_UNINITIALIZED_AUTOS = YES_AGGRESSIVE;
				GCC_WARN_UNUSED_FUNCTION = YES;
				GCC_WARN_UNUSED_VARIABLE = YES;
				IPHONEOS_DEPLOYMENT_TARGET = 17.5;
				LOCALIZATION_PREFERS_STRING_CATALOGS = YES;
				MTL_ENABLE_DEBUG_INFO = NO;
				MTL_FAST_MATH = YES;
				SDKROOT = iphoneos;
				SWIFT_COMPILATION_MODE = wholemodule;
				VALIDATE_PRODUCT = YES;
			};
			name = Release;
		};
		7685FF3B2C6A62860098BA1B /* Debug */ = {
			isa = XCBuildConfiguration;
			buildSettings = {
				ASSETCATALOG_COMPILER_APPICON_NAME = AppIcon;
				ASSETCATALOG_COMPILER_GLOBAL_ACCENT_COLOR_NAME = AccentColor;
				CODE_SIGN_STYLE = Automatic;
				CURRENT_PROJECT_VERSION = 1;
				DEVELOPMENT_ASSET_PATHS = "\"PrivateMessenger/Preview Content\"";
				DEVELOPMENT_TEAM = GWYT6568VG;
				ENABLE_PREVIEWS = YES;
				GENERATE_INFOPLIST_FILE = YES;
				INFOPLIST_KEY_UIApplicationSceneManifest_Generation = YES;
				INFOPLIST_KEY_UIApplicationSupportsIndirectInputEvents = YES;
				INFOPLIST_KEY_UILaunchScreen_Generation = YES;
				INFOPLIST_KEY_UISupportedInterfaceOrientations_iPad = "UIInterfaceOrientationPortrait UIInterfaceOrientationPortraitUpsideDown UIInterfaceOrientationLandscapeLeft UIInterfaceOrientationLandscapeRight";
				INFOPLIST_KEY_UISupportedInterfaceOrientations_iPhone = "UIInterfaceOrientationPortrait UIInterfaceOrientationLandscapeLeft UIInterfaceOrientationLandscapeRight";
				LD_RUNPATH_SEARCH_PATHS = (
					"$(inherited)",
					"@executable_path/Frameworks",
				);
				MARKETING_VERSION = 1.0;
				PRODUCT_BUNDLE_IDENTIFIER = vtodorov.PrivateMessenger;
				PRODUCT_NAME = "$(TARGET_NAME)";
				SWIFT_EMIT_LOC_STRINGS = YES;
				SWIFT_VERSION = 5.0;
				TARGETED_DEVICE_FAMILY = "1,2";
			};
			name = Debug;
		};
		7685FF3C2C6A62860098BA1B /* Release */ = {
			isa = XCBuildConfiguration;
			buildSettings = {
				ASSETCATALOG_COMPILER_APPICON_NAME = AppIcon;
				ASSETCATALOG_COMPILER_GLOBAL_ACCENT_COLOR_NAME = AccentColor;
				CODE_SIGN_STYLE = Automatic;
				CURRENT_PROJECT_VERSION = 1;
				DEVELOPMENT_ASSET_PATHS = "\"PrivateMessenger/Preview Content\"";
				DEVELOPMENT_TEAM = GWYT6568VG;
				ENABLE_PREVIEWS = YES;
				GENERATE_INFOPLIST_FILE = YES;
				INFOPLIST_KEY_UIApplicationSceneManifest_Generation = YES;
				INFOPLIST_KEY_UIApplicationSupportsIndirectInputEvents = YES;
				INFOPLIST_KEY_UILaunchScreen_Generation = YES;
				INFOPLIST_KEY_UISupportedInterfaceOrientations_iPad = "UIInterfaceOrientationPortrait UIInterfaceOrientationPortraitUpsideDown UIInterfaceOrientationLandscapeLeft UIInterfaceOrientationLandscapeRight";
				INFOPLIST_KEY_UISupportedInterfaceOrientations_iPhone = "UIInterfaceOrientationPortrait UIInterfaceOrientationLandscapeLeft UIInterfaceOrientationLandscapeRight";
				LD_RUNPATH_SEARCH_PATHS = (
					"$(inherited)",
					"@executable_path/Frameworks",
				);
				MARKETING_VERSION = 1.0;
				PRODUCT_BUNDLE_IDENTIFIER = vtodorov.PrivateMessenger;
				PRODUCT_NAME = "$(TARGET_NAME)";
				SWIFT_EMIT_LOC_STRINGS = YES;
				SWIFT_VERSION = 5.0;
				TARGETED_DEVICE_FAMILY = "1,2";
			};
			name = Release;
		};
/* End XCBuildConfiguration section */

/* Begin XCConfigurationList section */
		7685FF272C6A62830098BA1B /* Build configuration list for PBXProject "PrivateMessenger" */ = {
			isa = XCConfigurationList;
			buildConfigurations = (
				7685FF382C6A62860098BA1B /* Debug */,
				7685FF392C6A62860098BA1B /* Release */,
			);
			defaultConfigurationIsVisible = 0;
			defaultConfigurationName = Release;
		};
		7685FF3A2C6A62860098BA1B /* Build configuration list for PBXNativeTarget "PrivateMessenger" */ = {
			isa = XCConfigurationList;
			buildConfigurations = (
				7685FF3B2C6A62860098BA1B /* Debug */,
				7685FF3C2C6A62860098BA1B /* Release */,
			);
			defaultConfigurationIsVisible = 0;
			defaultConfigurationName = Release;
		};
/* End XCConfigurationList section */
	};
	rootObject = 7685FF242C6A62830098BA1B /* Project object */;
}
